
Microsoft Visual Studio Solution File, Format Version 12.00
# Visual Studio Version 16
VisualStudioVersion = 25.0.1704.3
MinimumVisualStudioVersion = 10.0.40219.1
Project("{FAE04EC0-301F-11D3-BF4B-00C04F79EFBC}") = "DapperTutorialPresentation", "DapperTutorialPresentation\DapperTutorialPresentation.csproj", "{353159D0-D713-480C-84F4-47E3FA430985}"
EndProject
Project("{FAE04EC0-301F-11D3-BF4B-00C04F79EFBC}") = "DapperTutorialCore", "DapperTutorialCore\DapperTutorialCore.csproj", "{EB36255A-2588-46B7-A898-0FB1DDB307D1}"
EndProject
Project("{FAE04EC0-301F-11D3-BF4B-00C04F79EFBC}") = "DapperTutorialInfrastructure", "DapperTutorialInfrastructure\DapperTutorialInfrastructure.csproj", "{9C1ADAA6-2A76-4BFB-9811-EA49984747EF}"
EndProject
Project("{2150E333-8FDC-42A3-9474-1A3956D46DE8}") = "Solution Items", "Solution Items", "{B033B759-803E-4861-8920-4A2E8D7207A7}"
EndProject
Global
	GlobalSection(SolutionConfigurationPlatforms) = preSolution
		Debug|Any CPU = Debug|Any CPU
		Release|Any CPU = Release|Any CPU
	EndGlobalSection
	GlobalSection(ProjectConfigurationPlatforms) = postSolution
		{353159D0-D713-480C-84F4-47E3FA430985}.Debug|Any CPU.ActiveCfg = Debug|Any CPU
		{353159D0-D713-480C-84F4-47E3FA430985}.Debug|Any CPU.Build.0 = Debug|Any CPU
		{353159D0-D713-480C-84F4-47E3FA430985}.Release|Any CPU.ActiveCfg = Release|Any CPU
		{353159D0-D713-480C-84F4-47E3FA430985}.Release|Any CPU.Build.0 = Release|Any CPU
		{EB36255A-2588-46B7-A898-0FB1DDB307D1}.Debug|Any CPU.ActiveCfg = Debug|Any CPU
		{EB36255A-2588-46B7-A898-0FB1DDB307D1}.Debug|Any CPU.Build.0 = Debug|Any CPU
		{EB36255A-2588-46B7-A898-0FB1DDB307D1}.Release|Any CPU.ActiveCfg = Release|Any CPU
		{EB36255A-2588-46B7-A898-0FB1DDB307D1}.Release|Any CPU.Build.0 = Release|Any CPU
		{9C1ADAA6-2A76-4BFB-9811-EA49984747EF}.Debug|Any CPU.ActiveCfg = Debug|Any CPU
		{9C1ADAA6-2A76-4BFB-9811-EA49984747EF}.Debug|Any CPU.Build.0 = Debug|Any CPU
		{9C1ADAA6-2A76-4BFB-9811-EA49984747EF}.Release|Any CPU.ActiveCfg = Release|Any CPU
		{9C1ADAA6-2A76-4BFB-9811-EA49984747EF}.Release|Any CPU.Build.0 = Release|Any CPU
	EndGlobalSection
	GlobalSection(SolutionProperties) = preSolution
		HideSolutionNode = FALSE
	EndGlobalSection
	GlobalSection(ExtensibilityGlobals) = postSolution
		SolutionGuid = {52AE4518-5008-4BFF-9A91-F33CC8EA5109}
	EndGlobalSection
EndGlobal
